
Microsoft Visual Studio Solution File, Format Version 12.00
# Visual Studio Version 17
VisualStudioVersion = 17.11.35312.102
MinimumVisualStudioVersion = 10.0.40219.1
Project("{9A19103F-16F7-4668-BE54-9A1E7A4F7556}") = "Shop.Api", "Shop.Api\Shop.Api.csproj", "{BAF3DEFE-8566-47E2-A575-FB244C73B2D5}"
EndProject
Project("{9A19103F-16F7-4668-BE54-9A1E7A4F7556}") = "Shop.Common", "Shop.Common\Shop.Common.csproj", "{91F10E2C-FEEB-4560-AA1D-048ECD49927B}"
EndProject
Project("{E53339B2-1760-4266-BCC7-CA923CBCF16C}") = "docker-compose", "docker-compose.dcproj", "{89E68138-6A0C-4AE0-B4B0-7B14005A1C5B}"
EndProject
Project("{FAE04EC0-301F-11D3-BF4B-00C04F79EFBC}") = "Shop.Blazor", "Shop.Blazor\Shop.Blazor.csproj", "{914287D2-09C4-4A22-A34A-77A763D9F2CF}"
EndProject
Global
	GlobalSection(SolutionConfigurationPlatforms) = preSolution
		Debug|Any CPU = Debug|Any CPU
		Release|Any CPU = Release|Any CPU
	EndGlobalSection
	GlobalSection(ProjectConfigurationPlatforms) = postSolution
		{BAF3DEFE-8566-47E2-A575-FB244C73B2D5}.Debug|Any CPU.ActiveCfg = Debug|Any CPU
		{BAF3DEFE-8566-47E2-A575-FB244C73B2D5}.Debug|Any CPU.Build.0 = Debug|Any CPU
		{BAF3DEFE-8566-47E2-A575-FB244C73B2D5}.Release|Any CPU.ActiveCfg = Release|Any CPU
		{BAF3DEFE-8566-47E2-A575-FB244C73B2D5}.Release|Any CPU.Build.0 = Release|Any CPU
		{91F10E2C-FEEB-4560-AA1D-048ECD49927B}.Debug|Any CPU.ActiveCfg = Debug|Any CPU
		{91F10E2C-FEEB-4560-AA1D-048ECD49927B}.Debug|Any CPU.Build.0 = Debug|Any CPU
		{91F10E2C-FEEB-4560-AA1D-048ECD49927B}.Release|Any CPU.ActiveCfg = Release|Any CPU
		{91F10E2C-FEEB-4560-AA1D-048ECD49927B}.Release|Any CPU.Build.0 = Release|Any CPU
		{89E68138-6A0C-4AE0-B4B0-7B14005A1C5B}.Debug|Any CPU.ActiveCfg = Debug|Any CPU
		{89E68138-6A0C-4AE0-B4B0-7B14005A1C5B}.Debug|Any CPU.Build.0 = Debug|Any CPU
		{89E68138-6A0C-4AE0-B4B0-7B14005A1C5B}.Release|Any CPU.ActiveCfg = Release|Any CPU
		{89E68138-6A0C-4AE0-B4B0-7B14005A1C5B}.Release|Any CPU.Build.0 = Release|Any CPU
		{914287D2-09C4-4A22-A34A-77A763D9F2CF}.Debug|Any CPU.ActiveCfg = Debug|Any CPU
		{914287D2-09C4-4A22-A34A-77A763D9F2CF}.Debug|Any CPU.Build.0 = Debug|Any CPU
		{914287D2-09C4-4A22-A34A-77A763D9F2CF}.Release|Any CPU.ActiveCfg = Release|Any CPU
		{914287D2-09C4-4A22-A34A-77A763D9F2CF}.Release|Any CPU.Build.0 = Release|Any CPU
	EndGlobalSection
	GlobalSection(SolutionProperties) = preSolution
		HideSolutionNode = FALSE
	EndGlobalSection
	GlobalSection(ExtensibilityGlobals) = postSolution
		SolutionGuid = {E384FC0C-0E9E-4658-A9A1-6037F06712C7}
	EndGlobalSection
EndGlobal
